
Microsoft Visual Studio Solution File, Format Version 12.00
# Visual Studio 14
VisualStudioVersion = 14.0.25420.1
MinimumVisualStudioVersion = 10.0.40219.1
Project("{8BC9CEB8-8B4A-11D0-8D11-00A0C91BC942}") = "ClassExample", "ClassExample\ClassExample.vcxproj", "{16DEBF6A-4C20-4B80-B165-08112CF84669}"
EndProject
Project("{8BC9CEB8-8B4A-11D0-8D11-00A0C91BC942}") = "FriendExample", "FriendExample\FriendExample.vcxproj", "{F65FCB99-B56D-4B5E-AE3E-E4D31AD4B8B0}"
EndProject
Project("{8BC9CEB8-8B4A-11D0-8D11-00A0C91BC942}") = "MethodsDefiniton", "MethodsDefiniton\MethodsDefiniton.vcxproj", "{18F73ED1-3430-48CE-8A6F-365D70DD9577}"
EndProject
Project("{8BC9CEB8-8B4A-11D0-8D11-00A0C91BC942}") = "ThisExample", "ThisExample\ThisExample.vcxproj", "{F7BED06C-E577-495F-A892-9EE6819D8381}"
EndProject
Project("{8BC9CEB8-8B4A-11D0-8D11-00A0C91BC942}") = "ThisExample2", "ThisExample2\ThisExample2.vcxproj", "{8C73D522-4896-480B-A9AD-FA4A1EF2DC55}"
EndProject
Project("{8BC9CEB8-8B4A-11D0-8D11-00A0C91BC942}") = "Const in method", "Const in method\Const in method.vcxproj", "{8B3F7D51-9D22-4478-B47F-420DBF97F500}"
EndProject
Project("{8BC9CEB8-8B4A-11D0-8D11-00A0C91BC942}") = "Voltaile in method", "Voltaile in method\Voltaile in method.vcxproj", "{2A866A17-0AA0-46F8-BA71-495EC6AC0982}"
EndProject
Project("{8BC9CEB8-8B4A-11D0-8D11-00A0C91BC942}") = "Inline", "Inline\Inline.vcxproj", "{FF7F76D6-E130-4E60-979A-776B2D4B400C}"
EndProject
Project("{8BC9CEB8-8B4A-11D0-8D11-00A0C91BC942}") = "Embedded class", "Embedded class\Embedded class.vcxproj", "{603BF18D-054A-424A-A443-501182A8A48A}"
EndProject
Project("{8BC9CEB8-8B4A-11D0-8D11-00A0C91BC942}") = "Local class", "Local class\Local class.vcxproj", "{DCBE53D1-2FB5-4FFD-B92A-033872FAD8CF}"
EndProject
Project("{8BC9CEB8-8B4A-11D0-8D11-00A0C91BC942}") = "Pointer to class fileds", "Pointer to class fileds\Pointer to class fileds.vcxproj", "{5B9D80E3-D317-45D3-9E7E-C348CA284669}"
EndProject
Project("{8BC9CEB8-8B4A-11D0-8D11-00A0C91BC942}") = "Pointer to static class  field", "Pointer to static class  field\Pointer to static class  field.vcxproj", "{A0F1284A-D590-4B96-A5B2-B6085B0FEFC6}"
EndProject
Project("{8BC9CEB8-8B4A-11D0-8D11-00A0C91BC942}") = "Pointer to object field", "Pointer to object field\Pointer to object field.vcxproj", "{C3A6208B-6706-4393-AD19-3D9F4B91E2EB}"
EndProject
Project("{8BC9CEB8-8B4A-11D0-8D11-00A0C91BC942}") = "MemToFun", "MemToFun\MemToFun.vcxproj", "{BA8583CB-ACC6-4B84-BFD8-E1482A7567AB}"
EndProject
Project("{8BC9CEB8-8B4A-11D0-8D11-00A0C91BC942}") = "StaticMethod", "StaticMethod\StaticMethod.vcxproj", "{64318DDC-041D-4B19-A72A-F29D62644211}"
EndProject
Project("{8BC9CEB8-8B4A-11D0-8D11-00A0C91BC942}") = "Object as Class field", "Object as Class field\Object as Class field.vcxproj", "{739F091A-555E-406C-8B89-294EB60D3C3F}"
EndProject
Project("{8BC9CEB8-8B4A-11D0-8D11-00A0C91BC942}") = "ctor for objects as class field", "ctor for objects as class field\ctor for objects as class field.vcxproj", "{4E0E8EBC-46F7-403A-96DD-804B546ED0C9}"
EndProject
Project("{8BC9CEB8-8B4A-11D0-8D11-00A0C91BC942}") = "Refernce as class filed", "Refernce as class filed\Refernce as class filed.vcxproj", "{E6C4E452-81A7-40C8-8439-9C43EFA467E4}"
EndProject
Project("{8BC9CEB8-8B4A-11D0-8D11-00A0C91BC942}") = "Reference as class field 2", "Reference as class field 2\Reference as class field 2.vcxproj", "{BED012E4-03A9-44DB-956C-17595BA12FA8}"
EndProject
Project("{8BC9CEB8-8B4A-11D0-8D11-00A0C91BC942}") = "Massive and objects", "Massive and objects\Massive and objects.vcxproj", "{1885EEC2-0D2D-450B-9449-1D363D7A5139}"
EndProject
Project("{8BC9CEB8-8B4A-11D0-8D11-00A0C91BC942}") = "Massive and pointer to clasess", "Massive and pointer to clasess\Massive and pointer to clasess.vcxproj", "{FEBAD24B-CA8A-47A8-96C8-B1A3BEAE0C94}"
EndProject
Project("{8BC9CEB8-8B4A-11D0-8D11-00A0C91BC942}") = "Massive and pointers to static field", "Massive and pointers to static field\Massive and pointers to static field.vcxproj", "{B855C6CB-9939-49DF-8B38-1D8A1FE69A14}"
EndProject
Project("{8BC9CEB8-8B4A-11D0-8D11-00A0C91BC942}") = "move ctor", "move ctor\move ctor.vcxproj", "{4B50E938-B915-4957-A5F8-8880261852E8}"
EndProject
Project("{8BC9CEB8-8B4A-11D0-8D11-00A0C91BC942}") = "Dtor", "Dtor\Dtor.vcxproj", "{4748EBB3-15F5-42DC-A9BC-E903B8D56677}"
EndProject
Project("{8BC9CEB8-8B4A-11D0-8D11-00A0C91BC942}") = "Static field", "Static field\Static field.vcxproj", "{60D2E593-5238-421B-A5AB-82826DA7BB1E}"
EndProject
Project("{8BC9CEB8-8B4A-11D0-8D11-00A0C91BC942}") = "Static field 2", "Static field 2\Static field 2.vcxproj", "{F078A002-137F-46B6-8C9A-ACEA5D45F9BB}"
EndProject
Project("{8BC9CEB8-8B4A-11D0-8D11-00A0C91BC942}") = "Const and Volatile in method", "Const and Volatile in method\Const and Volatile in method.vcxproj", "{02513D37-6FCD-4A78-BCEC-D5406FA04800}"
EndProject
Project("{8BC9CEB8-8B4A-11D0-8D11-00A0C91BC942}") = "ClassDeclarationExample", "ClassDeclarationExample\ClassDeclarationExample.vcxproj", "{483D8E25-4619-45D7-9465-CFBAA9620D8F}"
EndProject
Project("{8BC9CEB8-8B4A-11D0-8D11-00A0C91BC942}") = "ConstexprCtor", "ConstexprCtor\ConstexprCtor.vcxproj", "{7CF590ED-6594-4C0C-9174-D8A5509F044F}"
EndProject
Project("{8BC9CEB8-8B4A-11D0-8D11-00A0C91BC942}") = "UnionLikeclass", "UnionLikeclass\UnionLikeclass.vcxproj", "{405EAC9F-D7D4-416A-AA63-5D29F0D7F6B2}"
EndProject
Project("{8BC9CEB8-8B4A-11D0-8D11-00A0C91BC942}") = "Pointer as field", "Pointer as field\Pointer as field.vcxproj", "{9A463B22-BA98-4E94-BAC5-EEAB8CEE8E9E}"
EndProject
Project("{8BC9CEB8-8B4A-11D0-8D11-00A0C91BC942}") = "Pointer to method As filed", "Pointer to method As filed\Pointer to method As filed.vcxproj", "{FE894E0F-0E18-484F-8121-C22CC5E48127}"
EndProject
Project("{8BC9CEB8-8B4A-11D0-8D11-00A0C91BC942}") = "Pointer To method As filed 2", "Pointer To method As filed 2\Pointer To method As filed 2.vcxproj", "{C16D1F64-CE3D-4505-A0AC-3427590C951B}"
EndProject
Project("{8BC9CEB8-8B4A-11D0-8D11-00A0C91BC942}") = "STDFunction to methos as field", "STDFunction to methos as field\STDFunction to methos as field.vcxproj", "{C8A88AFA-7C73-48B8-97B7-1B16E8B9C033}"
EndProject
Project("{8BC9CEB8-8B4A-11D0-8D11-00A0C91BC942}") = "ConstClassAndMutable", "ConstClassAndMutable\ConstClassAndMutable.vcxproj", "{21E51CC1-A95B-48F8-BB62-87CDA6614F9D}"
EndProject
Global
	GlobalSection(SolutionConfigurationPlatforms) = preSolution
		Debug|x64 = Debug|x64
		Debug|x86 = Debug|x86
		Release|x64 = Release|x64
		Release|x86 = Release|x86
	EndGlobalSection
	GlobalSection(ProjectConfigurationPlatforms) = postSolution
		{16DEBF6A-4C20-4B80-B165-08112CF84669}.Debug|x64.ActiveCfg = Debug|x64
		{16DEBF6A-4C20-4B80-B165-08112CF84669}.Debug|x64.Build.0 = Debug|x64
		{16DEBF6A-4C20-4B80-B165-08112CF84669}.Debug|x86.ActiveCfg = Debug|Win32
		{16DEBF6A-4C20-4B80-B165-08112CF84669}.Debug|x86.Build.0 = Debug|Win32
		{16DEBF6A-4C20-4B80-B165-08112CF84669}.Release|x64.ActiveCfg = Release|x64
		{16DEBF6A-4C20-4B80-B165-08112CF84669}.Release|x64.Build.0 = Release|x64
		{16DEBF6A-4C20-4B80-B165-08112CF84669}.Release|x86.ActiveCfg = Release|Win32
		{16DEBF6A-4C20-4B80-B165-08112CF84669}.Release|x86.Build.0 = Release|Win32
		{F65FCB99-B56D-4B5E-AE3E-E4D31AD4B8B0}.Debug|x64.ActiveCfg = Debug|x64
		{F65FCB99-B56D-4B5E-AE3E-E4D31AD4B8B0}.Debug|x64.Build.0 = Debug|x64
		{F65FCB99-B56D-4B5E-AE3E-E4D31AD4B8B0}.Debug|x86.ActiveCfg = Debug|Win32
		{F65FCB99-B56D-4B5E-AE3E-E4D31AD4B8B0}.Debug|x86.Build.0 = Debug|Win32
		{F65FCB99-B56D-4B5E-AE3E-E4D31AD4B8B0}.Release|x64.ActiveCfg = Release|x64
		{F65FCB99-B56D-4B5E-AE3E-E4D31AD4B8B0}.Release|x64.Build.0 = Release|x64
		{F65FCB99-B56D-4B5E-AE3E-E4D31AD4B8B0}.Release|x86.ActiveCfg = Release|Win32
		{F65FCB99-B56D-4B5E-AE3E-E4D31AD4B8B0}.Release|x86.Build.0 = Release|Win32
		{18F73ED1-3430-48CE-8A6F-365D70DD9577}.Debug|x64.ActiveCfg = Debug|x64
		{18F73ED1-3430-48CE-8A6F-365D70DD9577}.Debug|x64.Build.0 = Debug|x64
		{18F73ED1-3430-48CE-8A6F-365D70DD9577}.Debug|x86.ActiveCfg = Debug|Win32
		{18F73ED1-3430-48CE-8A6F-365D70DD9577}.Debug|x86.Build.0 = Debug|Win32
		{18F73ED1-3430-48CE-8A6F-365D70DD9577}.Release|x64.ActiveCfg = Release|x64
		{18F73ED1-3430-48CE-8A6F-365D70DD9577}.Release|x64.Build.0 = Release|x64
		{18F73ED1-3430-48CE-8A6F-365D70DD9577}.Release|x86.ActiveCfg = Release|Win32
		{18F73ED1-3430-48CE-8A6F-365D70DD9577}.Release|x86.Build.0 = Release|Win32
		{F7BED06C-E577-495F-A892-9EE6819D8381}.Debug|x64.ActiveCfg = Debug|x64
		{F7BED06C-E577-495F-A892-9EE6819D8381}.Debug|x64.Build.0 = Debug|x64
		{F7BED06C-E577-495F-A892-9EE6819D8381}.Debug|x86.ActiveCfg = Debug|Win32
		{F7BED06C-E577-495F-A892-9EE6819D8381}.Debug|x86.Build.0 = Debug|Win32
		{F7BED06C-E577-495F-A892-9EE6819D8381}.Release|x64.ActiveCfg = Release|x64
		{F7BED06C-E577-495F-A892-9EE6819D8381}.Release|x64.Build.0 = Release|x64
		{F7BED06C-E577-495F-A892-9EE6819D8381}.Release|x86.ActiveCfg = Release|Win32
		{F7BED06C-E577-495F-A892-9EE6819D8381}.Release|x86.Build.0 = Release|Win32
		{8C73D522-4896-480B-A9AD-FA4A1EF2DC55}.Debug|x64.ActiveCfg = Debug|x64
		{8C73D522-4896-480B-A9AD-FA4A1EF2DC55}.Debug|x64.Build.0 = Debug|x64
		{8C73D522-4896-480B-A9AD-FA4A1EF2DC55}.Debug|x86.ActiveCfg = Debug|Win32
		{8C73D522-4896-480B-A9AD-FA4A1EF2DC55}.Debug|x86.Build.0 = Debug|Win32
		{8C73D522-4896-480B-A9AD-FA4A1EF2DC55}.Release|x64.ActiveCfg = Release|x64
		{8C73D522-4896-480B-A9AD-FA4A1EF2DC55}.Release|x64.Build.0 = Release|x64
		{8C73D522-4896-480B-A9AD-FA4A1EF2DC55}.Release|x86.ActiveCfg = Release|Win32
		{8C73D522-4896-480B-A9AD-FA4A1EF2DC55}.Release|x86.Build.0 = Release|Win32
		{8B3F7D51-9D22-4478-B47F-420DBF97F500}.Debug|x64.ActiveCfg = Debug|x64
		{8B3F7D51-9D22-4478-B47F-420DBF97F500}.Debug|x64.Build.0 = Debug|x64
		{8B3F7D51-9D22-4478-B47F-420DBF97F500}.Debug|x86.ActiveCfg = Debug|Win32
		{8B3F7D51-9D22-4478-B47F-420DBF97F500}.Debug|x86.Build.0 = Debug|Win32
		{8B3F7D51-9D22-4478-B47F-420DBF97F500}.Release|x64.ActiveCfg = Release|x64
		{8B3F7D51-9D22-4478-B47F-420DBF97F500}.Release|x64.Build.0 = Release|x64
		{8B3F7D51-9D22-4478-B47F-420DBF97F500}.Release|x86.ActiveCfg = Release|Win32
		{8B3F7D51-9D22-4478-B47F-420DBF97F500}.Release|x86.Build.0 = Release|Win32
		{2A866A17-0AA0-46F8-BA71-495EC6AC0982}.Debug|x64.ActiveCfg = Debug|x64
		{2A866A17-0AA0-46F8-BA71-495EC6AC0982}.Debug|x64.Build.0 = Debug|x64
		{2A866A17-0AA0-46F8-BA71-495EC6AC0982}.Debug|x86.ActiveCfg = Debug|Win32
		{2A866A17-0AA0-46F8-BA71-495EC6AC0982}.Debug|x86.Build.0 = Debug|Win32
		{2A866A17-0AA0-46F8-BA71-495EC6AC0982}.Release|x64.ActiveCfg = Release|x64
		{2A866A17-0AA0-46F8-BA71-495EC6AC0982}.Release|x64.Build.0 = Release|x64
		{2A866A17-0AA0-46F8-BA71-495EC6AC0982}.Release|x86.ActiveCfg = Release|Win32
		{2A866A17-0AA0-46F8-BA71-495EC6AC0982}.Release|x86.Build.0 = Release|Win32
		{FF7F76D6-E130-4E60-979A-776B2D4B400C}.Debug|x64.ActiveCfg = Debug|x64
		{FF7F76D6-E130-4E60-979A-776B2D4B400C}.Debug|x64.Build.0 = Debug|x64
		{FF7F76D6-E130-4E60-979A-776B2D4B400C}.Debug|x86.ActiveCfg = Debug|Win32
		{FF7F76D6-E130-4E60-979A-776B2D4B400C}.Debug|x86.Build.0 = Debug|Win32
		{FF7F76D6-E130-4E60-979A-776B2D4B400C}.Release|x64.ActiveCfg = Release|x64
		{FF7F76D6-E130-4E60-979A-776B2D4B400C}.Release|x64.Build.0 = Release|x64
		{FF7F76D6-E130-4E60-979A-776B2D4B400C}.Release|x86.ActiveCfg = Release|Win32
		{FF7F76D6-E130-4E60-979A-776B2D4B400C}.Release|x86.Build.0 = Release|Win32
		{603BF18D-054A-424A-A443-501182A8A48A}.Debug|x64.ActiveCfg = Debug|x64
		{603BF18D-054A-424A-A443-501182A8A48A}.Debug|x64.Build.0 = Debug|x64
		{603BF18D-054A-424A-A443-501182A8A48A}.Debug|x86.ActiveCfg = Debug|Win32
		{603BF18D-054A-424A-A443-501182A8A48A}.Debug|x86.Build.0 = Debug|Win32
		{603BF18D-054A-424A-A443-501182A8A48A}.Release|x64.ActiveCfg = Release|x64
		{603BF18D-054A-424A-A443-501182A8A48A}.Release|x64.Build.0 = Release|x64
		{603BF18D-054A-424A-A443-501182A8A48A}.Release|x86.ActiveCfg = Release|Win32
		{603BF18D-054A-424A-A443-501182A8A48A}.Release|x86.Build.0 = Release|Win32
		{DCBE53D1-2FB5-4FFD-B92A-033872FAD8CF}.Debug|x64.ActiveCfg = Debug|x64
		{DCBE53D1-2FB5-4FFD-B92A-033872FAD8CF}.Debug|x64.Build.0 = Debug|x64
		{DCBE53D1-2FB5-4FFD-B92A-033872FAD8CF}.Debug|x86.ActiveCfg = Debug|Win32
		{DCBE53D1-2FB5-4FFD-B92A-033872FAD8CF}.Debug|x86.Build.0 = Debug|Win32
		{DCBE53D1-2FB5-4FFD-B92A-033872FAD8CF}.Release|x64.ActiveCfg = Release|x64
		{DCBE53D1-2FB5-4FFD-B92A-033872FAD8CF}.Release|x64.Build.0 = Release|x64
		{DCBE53D1-2FB5-4FFD-B92A-033872FAD8CF}.Release|x86.ActiveCfg = Release|Win32
		{DCBE53D1-2FB5-4FFD-B92A-033872FAD8CF}.Release|x86.Build.0 = Release|Win32
		{5B9D80E3-D317-45D3-9E7E-C348CA284669}.Debug|x64.ActiveCfg = Debug|x64
		{5B9D80E3-D317-45D3-9E7E-C348CA284669}.Debug|x64.Build.0 = Debug|x64
		{5B9D80E3-D317-45D3-9E7E-C348CA284669}.Debug|x86.ActiveCfg = Debug|Win32
		{5B9D80E3-D317-45D3-9E7E-C348CA284669}.Debug|x86.Build.0 = Debug|Win32
		{5B9D80E3-D317-45D3-9E7E-C348CA284669}.Release|x64.ActiveCfg = Release|x64
		{5B9D80E3-D317-45D3-9E7E-C348CA284669}.Release|x64.Build.0 = Release|x64
		{5B9D80E3-D317-45D3-9E7E-C348CA284669}.Release|x86.ActiveCfg = Release|Win32
		{5B9D80E3-D317-45D3-9E7E-C348CA284669}.Release|x86.Build.0 = Release|Win32
		{A0F1284A-D590-4B96-A5B2-B6085B0FEFC6}.Debug|x64.ActiveCfg = Debug|x64
		{A0F1284A-D590-4B96-A5B2-B6085B0FEFC6}.Debug|x64.Build.0 = Debug|x64
		{A0F1284A-D590-4B96-A5B2-B6085B0FEFC6}.Debug|x86.ActiveCfg = Debug|Win32
		{A0F1284A-D590-4B96-A5B2-B6085B0FEFC6}.Debug|x86.Build.0 = Debug|Win32
		{A0F1284A-D590-4B96-A5B2-B6085B0FEFC6}.Release|x64.ActiveCfg = Release|x64
		{A0F1284A-D590-4B96-A5B2-B6085B0FEFC6}.Release|x64.Build.0 = Release|x64
		{A0F1284A-D590-4B96-A5B2-B6085B0FEFC6}.Release|x86.ActiveCfg = Release|Win32
		{A0F1284A-D590-4B96-A5B2-B6085B0FEFC6}.Release|x86.Build.0 = Release|Win32
		{C3A6208B-6706-4393-AD19-3D9F4B91E2EB}.Debug|x64.ActiveCfg = Debug|x64
		{C3A6208B-6706-4393-AD19-3D9F4B91E2EB}.Debug|x64.Build.0 = Debug|x64
		{C3A6208B-6706-4393-AD19-3D9F4B91E2EB}.Debug|x86.ActiveCfg = Debug|Win32
		{C3A6208B-6706-4393-AD19-3D9F4B91E2EB}.Debug|x86.Build.0 = Debug|Win32
		{C3A6208B-6706-4393-AD19-3D9F4B91E2EB}.Release|x64.ActiveCfg = Release|x64
		{C3A6208B-6706-4393-AD19-3D9F4B91E2EB}.Release|x64.Build.0 = Release|x64
		{C3A6208B-6706-4393-AD19-3D9F4B91E2EB}.Release|x86.ActiveCfg = Release|Win32
		{C3A6208B-6706-4393-AD19-3D9F4B91E2EB}.Release|x86.Build.0 = Release|Win32
		{BA8583CB-ACC6-4B84-BFD8-E1482A7567AB}.Debug|x64.ActiveCfg = Debug|x64
		{BA8583CB-ACC6-4B84-BFD8-E1482A7567AB}.Debug|x64.Build.0 = Debug|x64
		{BA8583CB-ACC6-4B84-BFD8-E1482A7567AB}.Debug|x86.ActiveCfg = Debug|Win32
		{BA8583CB-ACC6-4B84-BFD8-E1482A7567AB}.Debug|x86.Build.0 = Debug|Win32
		{BA8583CB-ACC6-4B84-BFD8-E1482A7567AB}.Release|x64.ActiveCfg = Release|x64
		{BA8583CB-ACC6-4B84-BFD8-E1482A7567AB}.Release|x64.Build.0 = Release|x64
		{BA8583CB-ACC6-4B84-BFD8-E1482A7567AB}.Release|x86.ActiveCfg = Release|Win32
		{BA8583CB-ACC6-4B84-BFD8-E1482A7567AB}.Release|x86.Build.0 = Release|Win32
		{64318DDC-041D-4B19-A72A-F29D62644211}.Debug|x64.ActiveCfg = Debug|x64
		{64318DDC-041D-4B19-A72A-F29D62644211}.Debug|x64.Build.0 = Debug|x64
		{64318DDC-041D-4B19-A72A-F29D62644211}.Debug|x86.ActiveCfg = Debug|Win32
		{64318DDC-041D-4B19-A72A-F29D62644211}.Debug|x86.Build.0 = Debug|Win32
		{64318DDC-041D-4B19-A72A-F29D62644211}.Release|x64.ActiveCfg = Release|x64
		{64318DDC-041D-4B19-A72A-F29D62644211}.Release|x64.Build.0 = Release|x64
		{64318DDC-041D-4B19-A72A-F29D62644211}.Release|x86.ActiveCfg = Release|Win32
		{64318DDC-041D-4B19-A72A-F29D62644211}.Release|x86.Build.0 = Release|Win32
		{739F091A-555E-406C-8B89-294EB60D3C3F}.Debug|x64.ActiveCfg = Debug|x64
		{739F091A-555E-406C-8B89-294EB60D3C3F}.Debug|x64.Build.0 = Debug|x64
		{739F091A-555E-406C-8B89-294EB60D3C3F}.Debug|x86.ActiveCfg = Debug|Win32
		{739F091A-555E-406C-8B89-294EB60D3C3F}.Debug|x86.Build.0 = Debug|Win32
		{739F091A-555E-406C-8B89-294EB60D3C3F}.Release|x64.ActiveCfg = Release|x64
		{739F091A-555E-406C-8B89-294EB60D3C3F}.Release|x64.Build.0 = Release|x64
		{739F091A-555E-406C-8B89-294EB60D3C3F}.Release|x86.ActiveCfg = Release|Win32
		{739F091A-555E-406C-8B89-294EB60D3C3F}.Release|x86.Build.0 = Release|Win32
		{4E0E8EBC-46F7-403A-96DD-804B546ED0C9}.Debug|x64.ActiveCfg = Debug|x64
		{4E0E8EBC-46F7-403A-96DD-804B546ED0C9}.Debug|x64.Build.0 = Debug|x64
		{4E0E8EBC-46F7-403A-96DD-804B546ED0C9}.Debug|x86.ActiveCfg = Debug|Win32
		{4E0E8EBC-46F7-403A-96DD-804B546ED0C9}.Debug|x86.Build.0 = Debug|Win32
		{4E0E8EBC-46F7-403A-96DD-804B546ED0C9}.Release|x64.ActiveCfg = Release|x64
		{4E0E8EBC-46F7-403A-96DD-804B546ED0C9}.Release|x64.Build.0 = Release|x64
		{4E0E8EBC-46F7-403A-96DD-804B546ED0C9}.Release|x86.ActiveCfg = Release|Win32
		{4E0E8EBC-46F7-403A-96DD-804B546ED0C9}.Release|x86.Build.0 = Release|Win32
		{E6C4E452-81A7-40C8-8439-9C43EFA467E4}.Debug|x64.ActiveCfg = Debug|x64
		{E6C4E452-81A7-40C8-8439-9C43EFA467E4}.Debug|x64.Build.0 = Debug|x64
		{E6C4E452-81A7-40C8-8439-9C43EFA467E4}.Debug|x86.ActiveCfg = Debug|Win32
		{E6C4E452-81A7-40C8-8439-9C43EFA467E4}.Debug|x86.Build.0 = Debug|Win32
		{E6C4E452-81A7-40C8-8439-9C43EFA467E4}.Release|x64.ActiveCfg = Release|x64
		{E6C4E452-81A7-40C8-8439-9C43EFA467E4}.Release|x64.Build.0 = Release|x64
		{E6C4E452-81A7-40C8-8439-9C43EFA467E4}.Release|x86.ActiveCfg = Release|Win32
		{E6C4E452-81A7-40C8-8439-9C43EFA467E4}.Release|x86.Build.0 = Release|Win32
		{BED012E4-03A9-44DB-956C-17595BA12FA8}.Debug|x64.ActiveCfg = Debug|x64
		{BED012E4-03A9-44DB-956C-17595BA12FA8}.Debug|x64.Build.0 = Debug|x64
		{BED012E4-03A9-44DB-956C-17595BA12FA8}.Debug|x86.ActiveCfg = Debug|Win32
		{BED012E4-03A9-44DB-956C-17595BA12FA8}.Debug|x86.Build.0 = Debug|Win32
		{BED012E4-03A9-44DB-956C-17595BA12FA8}.Release|x64.ActiveCfg = Release|x64
		{BED012E4-03A9-44DB-956C-17595BA12FA8}.Release|x64.Build.0 = Release|x64
		{BED012E4-03A9-44DB-956C-17595BA12FA8}.Release|x86.ActiveCfg = Release|Win32
		{BED012E4-03A9-44DB-956C-17595BA12FA8}.Release|x86.Build.0 = Release|Win32
		{1885EEC2-0D2D-450B-9449-1D363D7A5139}.Debug|x64.ActiveCfg = Debug|x64
		{1885EEC2-0D2D-450B-9449-1D363D7A5139}.Debug|x64.Build.0 = Debug|x64
		{1885EEC2-0D2D-450B-9449-1D363D7A5139}.Debug|x86.ActiveCfg = Debug|Win32
		{1885EEC2-0D2D-450B-9449-1D363D7A5139}.Debug|x86.Build.0 = Debug|Win32
		{1885EEC2-0D2D-450B-9449-1D363D7A5139}.Release|x64.ActiveCfg = Release|x64
		{1885EEC2-0D2D-450B-9449-1D363D7A5139}.Release|x64.Build.0 = Release|x64
		{1885EEC2-0D2D-450B-9449-1D363D7A5139}.Release|x86.ActiveCfg = Release|Win32
		{1885EEC2-0D2D-450B-9449-1D363D7A5139}.Release|x86.Build.0 = Release|Win32
		{FEBAD24B-CA8A-47A8-96C8-B1A3BEAE0C94}.Debug|x64.ActiveCfg = Debug|x64
		{FEBAD24B-CA8A-47A8-96C8-B1A3BEAE0C94}.Debug|x64.Build.0 = Debug|x64
		{FEBAD24B-CA8A-47A8-96C8-B1A3BEAE0C94}.Debug|x86.ActiveCfg = Debug|Win32
		{FEBAD24B-CA8A-47A8-96C8-B1A3BEAE0C94}.Debug|x86.Build.0 = Debug|Win32
		{FEBAD24B-CA8A-47A8-96C8-B1A3BEAE0C94}.Release|x64.ActiveCfg = Release|x64
		{FEBAD24B-CA8A-47A8-96C8-B1A3BEAE0C94}.Release|x64.Build.0 = Release|x64
		{FEBAD24B-CA8A-47A8-96C8-B1A3BEAE0C94}.Release|x86.ActiveCfg = Release|Win32
		{FEBAD24B-CA8A-47A8-96C8-B1A3BEAE0C94}.Release|x86.Build.0 = Release|Win32
		{B855C6CB-9939-49DF-8B38-1D8A1FE69A14}.Debug|x64.ActiveCfg = Debug|x64
		{B855C6CB-9939-49DF-8B38-1D8A1FE69A14}.Debug|x64.Build.0 = Debug|x64
		{B855C6CB-9939-49DF-8B38-1D8A1FE69A14}.Debug|x86.ActiveCfg = Debug|Win32
		{B855C6CB-9939-49DF-8B38-1D8A1FE69A14}.Debug|x86.Build.0 = Debug|Win32
		{B855C6CB-9939-49DF-8B38-1D8A1FE69A14}.Release|x64.ActiveCfg = Release|x64
		{B855C6CB-9939-49DF-8B38-1D8A1FE69A14}.Release|x64.Build.0 = Release|x64
		{B855C6CB-9939-49DF-8B38-1D8A1FE69A14}.Release|x86.ActiveCfg = Release|Win32
		{B855C6CB-9939-49DF-8B38-1D8A1FE69A14}.Release|x86.Build.0 = Release|Win32
		{4B50E938-B915-4957-A5F8-8880261852E8}.Debug|x64.ActiveCfg = Debug|x64
		{4B50E938-B915-4957-A5F8-8880261852E8}.Debug|x64.Build.0 = Debug|x64
		{4B50E938-B915-4957-A5F8-8880261852E8}.Debug|x86.ActiveCfg = Debug|Win32
		{4B50E938-B915-4957-A5F8-8880261852E8}.Debug|x86.Build.0 = Debug|Win32
		{4B50E938-B915-4957-A5F8-8880261852E8}.Release|x64.ActiveCfg = Release|x64
		{4B50E938-B915-4957-A5F8-8880261852E8}.Release|x64.Build.0 = Release|x64
		{4B50E938-B915-4957-A5F8-8880261852E8}.Release|x86.ActiveCfg = Release|Win32
		{4B50E938-B915-4957-A5F8-8880261852E8}.Release|x86.Build.0 = Release|Win32
		{4748EBB3-15F5-42DC-A9BC-E903B8D56677}.Debug|x64.ActiveCfg = Debug|x64
		{4748EBB3-15F5-42DC-A9BC-E903B8D56677}.Debug|x64.Build.0 = Debug|x64
		{4748EBB3-15F5-42DC-A9BC-E903B8D56677}.Debug|x86.ActiveCfg = Debug|Win32
		{4748EBB3-15F5-42DC-A9BC-E903B8D56677}.Debug|x86.Build.0 = Debug|Win32
		{4748EBB3-15F5-42DC-A9BC-E903B8D56677}.Release|x64.ActiveCfg = Release|x64
		{4748EBB3-15F5-42DC-A9BC-E903B8D56677}.Release|x64.Build.0 = Release|x64
		{4748EBB3-15F5-42DC-A9BC-E903B8D56677}.Release|x86.ActiveCfg = Release|Win32
		{4748EBB3-15F5-42DC-A9BC-E903B8D56677}.Release|x86.Build.0 = Release|Win32
		{60D2E593-5238-421B-A5AB-82826DA7BB1E}.Debug|x64.ActiveCfg = Debug|x64
		{60D2E593-5238-421B-A5AB-82826DA7BB1E}.Debug|x64.Build.0 = Debug|x64
		{60D2E593-5238-421B-A5AB-82826DA7BB1E}.Debug|x86.ActiveCfg = Debug|Win32
		{60D2E593-5238-421B-A5AB-82826DA7BB1E}.Debug|x86.Build.0 = Debug|Win32
		{60D2E593-5238-421B-A5AB-82826DA7BB1E}.Release|x64.ActiveCfg = Release|x64
		{60D2E593-5238-421B-A5AB-82826DA7BB1E}.Release|x64.Build.0 = Release|x64
		{60D2E593-5238-421B-A5AB-82826DA7BB1E}.Release|x86.ActiveCfg = Release|Win32
		{60D2E593-5238-421B-A5AB-82826DA7BB1E}.Release|x86.Build.0 = Release|Win32
		{F078A002-137F-46B6-8C9A-ACEA5D45F9BB}.Debug|x64.ActiveCfg = Debug|x64
		{F078A002-137F-46B6-8C9A-ACEA5D45F9BB}.Debug|x64.Build.0 = Debug|x64
		{F078A002-137F-46B6-8C9A-ACEA5D45F9BB}.Debug|x86.ActiveCfg = Debug|Win32
		{F078A002-137F-46B6-8C9A-ACEA5D45F9BB}.Debug|x86.Build.0 = Debug|Win32
		{F078A002-137F-46B6-8C9A-ACEA5D45F9BB}.Release|x64.ActiveCfg = Release|x64
		{F078A002-137F-46B6-8C9A-ACEA5D45F9BB}.Release|x64.Build.0 = Release|x64
		{F078A002-137F-46B6-8C9A-ACEA5D45F9BB}.Release|x86.ActiveCfg = Release|Win32
		{F078A002-137F-46B6-8C9A-ACEA5D45F9BB}.Release|x86.Build.0 = Release|Win32
		{02513D37-6FCD-4A78-BCEC-D5406FA04800}.Debug|x64.ActiveCfg = Debug|x64
		{02513D37-6FCD-4A78-BCEC-D5406FA04800}.Debug|x64.Build.0 = Debug|x64
		{02513D37-6FCD-4A78-BCEC-D5406FA04800}.Debug|x86.ActiveCfg = Debug|Win32
		{02513D37-6FCD-4A78-BCEC-D5406FA04800}.Debug|x86.Build.0 = Debug|Win32
		{02513D37-6FCD-4A78-BCEC-D5406FA04800}.Release|x64.ActiveCfg = Release|x64
		{02513D37-6FCD-4A78-BCEC-D5406FA04800}.Release|x64.Build.0 = Release|x64
		{02513D37-6FCD-4A78-BCEC-D5406FA04800}.Release|x86.ActiveCfg = Release|Win32
		{02513D37-6FCD-4A78-BCEC-D5406FA04800}.Release|x86.Build.0 = Release|Win32
		{483D8E25-4619-45D7-9465-CFBAA9620D8F}.Debug|x64.ActiveCfg = Debug|x64
		{483D8E25-4619-45D7-9465-CFBAA9620D8F}.Debug|x64.Build.0 = Debug|x64
		{483D8E25-4619-45D7-9465-CFBAA9620D8F}.Debug|x86.ActiveCfg = Debug|Win32
		{483D8E25-4619-45D7-9465-CFBAA9620D8F}.Debug|x86.Build.0 = Debug|Win32
		{483D8E25-4619-45D7-9465-CFBAA9620D8F}.Release|x64.ActiveCfg = Release|x64
		{483D8E25-4619-45D7-9465-CFBAA9620D8F}.Release|x64.Build.0 = Release|x64
		{483D8E25-4619-45D7-9465-CFBAA9620D8F}.Release|x86.ActiveCfg = Release|Win32
		{483D8E25-4619-45D7-9465-CFBAA9620D8F}.Release|x86.Build.0 = Release|Win32
		{7CF590ED-6594-4C0C-9174-D8A5509F044F}.Debug|x64.ActiveCfg = Debug|x64
		{7CF590ED-6594-4C0C-9174-D8A5509F044F}.Debug|x64.Build.0 = Debug|x64
		{7CF590ED-6594-4C0C-9174-D8A5509F044F}.Debug|x86.ActiveCfg = Debug|Win32
		{7CF590ED-6594-4C0C-9174-D8A5509F044F}.Debug|x86.Build.0 = Debug|Win32
		{7CF590ED-6594-4C0C-9174-D8A5509F044F}.Release|x64.ActiveCfg = Release|x64
		{7CF590ED-6594-4C0C-9174-D8A5509F044F}.Release|x64.Build.0 = Release|x64
		{7CF590ED-6594-4C0C-9174-D8A5509F044F}.Release|x86.ActiveCfg = Release|Win32
		{7CF590ED-6594-4C0C-9174-D8A5509F044F}.Release|x86.Build.0 = Release|Win32
		{405EAC9F-D7D4-416A-AA63-5D29F0D7F6B2}.Debug|x64.ActiveCfg = Debug|x64
		{405EAC9F-D7D4-416A-AA63-5D29F0D7F6B2}.Debug|x64.Build.0 = Debug|x64
		{405EAC9F-D7D4-416A-AA63-5D29F0D7F6B2}.Debug|x86.ActiveCfg = Debug|Win32
		{405EAC9F-D7D4-416A-AA63-5D29F0D7F6B2}.Debug|x86.Build.0 = Debug|Win32
		{405EAC9F-D7D4-416A-AA63-5D29F0D7F6B2}.Release|x64.ActiveCfg = Release|x64
		{405EAC9F-D7D4-416A-AA63-5D29F0D7F6B2}.Release|x64.Build.0 = Release|x64
		{405EAC9F-D7D4-416A-AA63-5D29F0D7F6B2}.Release|x86.ActiveCfg = Release|Win32
		{405EAC9F-D7D4-416A-AA63-5D29F0D7F6B2}.Release|x86.Build.0 = Release|Win32
		{9A463B22-BA98-4E94-BAC5-EEAB8CEE8E9E}.Debug|x64.ActiveCfg = Debug|x64
		{9A463B22-BA98-4E94-BAC5-EEAB8CEE8E9E}.Debug|x64.Build.0 = Debug|x64
		{9A463B22-BA98-4E94-BAC5-EEAB8CEE8E9E}.Debug|x86.ActiveCfg = Debug|Win32
		{9A463B22-BA98-4E94-BAC5-EEAB8CEE8E9E}.Debug|x86.Build.0 = Debug|Win32
		{9A463B22-BA98-4E94-BAC5-EEAB8CEE8E9E}.Release|x64.ActiveCfg = Release|x64
		{9A463B22-BA98-4E94-BAC5-EEAB8CEE8E9E}.Release|x64.Build.0 = Release|x64
		{9A463B22-BA98-4E94-BAC5-EEAB8CEE8E9E}.Release|x86.ActiveCfg = Release|Win32
		{9A463B22-BA98-4E94-BAC5-EEAB8CEE8E9E}.Release|x86.Build.0 = Release|Win32
		{FE894E0F-0E18-484F-8121-C22CC5E48127}.Debug|x64.ActiveCfg = Debug|x64
		{FE894E0F-0E18-484F-8121-C22CC5E48127}.Debug|x64.Build.0 = Debug|x64
		{FE894E0F-0E18-484F-8121-C22CC5E48127}.Debug|x86.ActiveCfg = Debug|Win32
		{FE894E0F-0E18-484F-8121-C22CC5E48127}.Debug|x86.Build.0 = Debug|Win32
		{FE894E0F-0E18-484F-8121-C22CC5E48127}.Release|x64.ActiveCfg = Release|x64
		{FE894E0F-0E18-484F-8121-C22CC5E48127}.Release|x64.Build.0 = Release|x64
		{FE894E0F-0E18-484F-8121-C22CC5E48127}.Release|x86.ActiveCfg = Release|Win32
		{FE894E0F-0E18-484F-8121-C22CC5E48127}.Release|x86.Build.0 = Release|Win32
		{C16D1F64-CE3D-4505-A0AC-3427590C951B}.Debug|x64.ActiveCfg = Debug|x64
		{C16D1F64-CE3D-4505-A0AC-3427590C951B}.Debug|x64.Build.0 = Debug|x64
		{C16D1F64-CE3D-4505-A0AC-3427590C951B}.Debug|x86.ActiveCfg = Debug|Win32
		{C16D1F64-CE3D-4505-A0AC-3427590C951B}.Debug|x86.Build.0 = Debug|Win32
		{C16D1F64-CE3D-4505-A0AC-3427590C951B}.Release|x64.ActiveCfg = Release|x64
		{C16D1F64-CE3D-4505-A0AC-3427590C951B}.Release|x64.Build.0 = Release|x64
		{C16D1F64-CE3D-4505-A0AC-3427590C951B}.Release|x86.ActiveCfg = Release|Win32
		{C16D1F64-CE3D-4505-A0AC-3427590C951B}.Release|x86.Build.0 = Release|Win32
		{C8A88AFA-7C73-48B8-97B7-1B16E8B9C033}.Debug|x64.ActiveCfg = Debug|x64
		{C8A88AFA-7C73-48B8-97B7-1B16E8B9C033}.Debug|x64.Build.0 = Debug|x64
		{C8A88AFA-7C73-48B8-97B7-1B16E8B9C033}.Debug|x86.ActiveCfg = Debug|Win32
		{C8A88AFA-7C73-48B8-97B7-1B16E8B9C033}.Debug|x86.Build.0 = Debug|Win32
		{C8A88AFA-7C73-48B8-97B7-1B16E8B9C033}.Release|x64.ActiveCfg = Release|x64
		{C8A88AFA-7C73-48B8-97B7-1B16E8B9C033}.Release|x64.Build.0 = Release|x64
		{C8A88AFA-7C73-48B8-97B7-1B16E8B9C033}.Release|x86.ActiveCfg = Release|Win32
		{C8A88AFA-7C73-48B8-97B7-1B16E8B9C033}.Release|x86.Build.0 = Release|Win32
		{21E51CC1-A95B-48F8-BB62-87CDA6614F9D}.Debug|x64.ActiveCfg = Debug|x64
		{21E51CC1-A95B-48F8-BB62-87CDA6614F9D}.Debug|x64.Build.0 = Debug|x64
		{21E51CC1-A95B-48F8-BB62-87CDA6614F9D}.Debug|x86.ActiveCfg = Debug|Win32
		{21E51CC1-A95B-48F8-BB62-87CDA6614F9D}.Debug|x86.Build.0 = Debug|Win32
		{21E51CC1-A95B-48F8-BB62-87CDA6614F9D}.Release|x64.ActiveCfg = Release|x64
		{21E51CC1-A95B-48F8-BB62-87CDA6614F9D}.Release|x64.Build.0 = Release|x64
		{21E51CC1-A95B-48F8-BB62-87CDA6614F9D}.Release|x86.ActiveCfg = Release|Win32
		{21E51CC1-A95B-48F8-BB62-87CDA6614F9D}.Release|x86.Build.0 = Release|Win32
	EndGlobalSection
	GlobalSection(SolutionProperties) = preSolution
		HideSolutionNode = FALSE
	EndGlobalSection
EndGlobal
